// !$*UTF8*$!
{
	archiveVersion = 1;
	classes = {
	};
	objectVersion = 46;
	objects = {

/* Begin PBXBuildFile section */
		CF4E47661586F77E00515432 /* UIKit.framework in Frameworks */ = {isa = PBXBuildFile; fileRef = CF4E47651586F77E00515432 /* UIKit.framework */; };
		CF4E47681586F77E00515432 /* Foundation.framework in Frameworks */ = {isa = PBXBuildFile; fileRef = CF4E47671586F77E00515432 /* Foundation.framework */; };
		CF4E476A1586F77E00515432 /* CoreGraphics.framework in Frameworks */ = {isa = PBXBuildFile; fileRef = CF4E47691586F77E00515432 /* CoreGraphics.framework */; };
		CF4E47701586F77E00515432 /* InfoPlist.strings in Resources */ = {isa = PBXBuildFile; fileRef = CF4E476E1586F77E00515432 /* InfoPlist.strings */; };
		CF4E47721586F77E00515432 /* main.m in Sources */ = {isa = PBXBuildFile; fileRef = CF4E47711586F77E00515432 /* main.m */; };
		CF4E47761586F77E00515432 /* AppDelegate.m in Sources */ = {isa = PBXBuildFile; fileRef = CF4E47751586F77E00515432 /* AppDelegate.m */; };
		CF4E47791586F77E00515432 /* ViewController.m in Sources */ = {isa = PBXBuildFile; fileRef = CF4E47781586F77E00515432 /* ViewController.m */; };
		CF4E477C1586F77E00515432 /* ViewController.xib in Resources */ = {isa = PBXBuildFile; fileRef = CF4E477A1586F77E00515432 /* ViewController.xib */; };
		CF4E47851586F7F500515432 /* JWStatusBarAlert.m in Sources */ = {isa = PBXBuildFile; fileRef = CF4E47841586F7F500515432 /* JWStatusBarAlert.m */; };
/* End PBXBuildFile section */

/* Begin PBXFileReference section */
		CF4E47611586F77E00515432 /* JWStatusBarAlert.app */ = {isa = PBXFileReference; explicitFileType = wrapper.application; includeInIndex = 0; path = JWStatusBarAlert.app; sourceTree = BUILT_PRODUCTS_DIR; };
		CF4E47651586F77E00515432 /* UIKit.framework */ = {isa = PBXFileReference; lastKnownFileType = wrapper.framework; name = UIKit.framework; path = System/Library/Frameworks/UIKit.framework; sourceTree = SDKROOT; };
		CF4E47671586F77E00515432 /* Foundation.framework */ = {isa = PBXFileReference; lastKnownFileType = wrapper.framework; name = Foundation.framework; path = System/Library/Frameworks/Foundation.framework; sourceTree = SDKROOT; };
		CF4E47691586F77E00515432 /* CoreGraphics.framework */ = {isa = PBXFileReference; lastKnownFileType = wrapper.framework; name = CoreGraphics.framework; path = System/Library/Frameworks/CoreGraphics.framework; sourceTree = SDKROOT; };
		CF4E476D1586F77E00515432 /* JWStatusBarAlert-Info.plist */ = {isa = PBXFileReference; lastKnownFileType = text.plist.xml; path = "JWStatusBarAlert-Info.plist"; sourceTree = "<group>"; };
		CF4E476F1586F77E00515432 /* en */ = {isa = PBXFileReference; lastKnownFileType = text.plist.strings; name = en; path = en.lproj/InfoPlist.strings; sourceTree = "<group>"; };
		CF4E47711586F77E00515432 /* main.m */ = {isa = PBXFileReference; lastKnownFileType = sourcecode.c.objc; path = main.m; sourceTree = "<group>"; };
		CF4E47731586F77E00515432 /* JWStatusBarAlert-Prefix.pch */ = {isa = PBXFileReference; lastKnownFileType = sourcecode.c.h; path = "JWStatusBarAlert-Prefix.pch"; sourceTree = "<group>"; };
		CF4E47741586F77E00515432 /* AppDelegate.h */ = {isa = PBXFileReference; lastKnownFileType = sourcecode.c.h; path = AppDelegate.h; sourceTree = "<group>"; };
		CF4E47751586F77E00515432 /* AppDelegate.m */ = {isa = PBXFileReference; lastKnownFileType = sourcecode.c.objc; path = AppDelegate.m; sourceTree = "<group>"; };
		CF4E47771586F77E00515432 /* ViewController.h */ = {isa = PBXFileReference; lastKnownFileType = sourcecode.c.h; path = ViewController.h; sourceTree = "<group>"; };
		CF4E47781586F77E00515432 /* ViewController.m */ = {isa = PBXFileReference; lastKnownFileType = sourcecode.c.objc; path = ViewController.m; sourceTree = "<group>"; };
		CF4E477B1586F77E00515432 /* en */ = {isa = PBXFileReference; lastKnownFileType = file.xib; name = en; path = en.lproj/ViewController.xib; sourceTree = "<group>"; };
		CF4E47831586F7F500515432 /* JWStatusBarAlert.h */ = {isa = PBXFileReference; fileEncoding = 4; lastKnownFileType = sourcecode.c.h; path = JWStatusBarAlert.h; sourceTree = "<group>"; };
		CF4E47841586F7F500515432 /* JWStatusBarAlert.m */ = {isa = PBXFileReference; fileEncoding = 4; lastKnownFileType = sourcecode.c.objc; path = JWStatusBarAlert.m; sourceTree = "<group>"; };
/* End PBXFileReference section */

/* Begin PBXFrameworksBuildPhase section */
		CF4E475E1586F77E00515432 /* Frameworks */ = {
			isa = PBXFrameworksBuildPhase;
			buildActionMask = 2147483647;
			files = (
				CF4E47661586F77E00515432 /* UIKit.framework in Frameworks */,
				CF4E47681586F77E00515432 /* Foundation.framework in Frameworks */,
				CF4E476A1586F77E00515432 /* CoreGraphics.framework in Frameworks */,
			);
			runOnlyForDeploymentPostprocessing = 0;
		};
/* End PBXFrameworksBuildPhase section */

/* Begin PBXGroup section */
		CF4E47561586F77E00515432 = {
			isa = PBXGroup;
			children = (
				CF4E476B1586F77E00515432 /* JWStatusBarAlert */,
				CF4E47641586F77E00515432 /* Frameworks */,
				CF4E47621586F77E00515432 /* Products */,
			);
			sourceTree = "<group>";
		};
		CF4E47621586F77E00515432 /* Products */ = {
			isa = PBXGroup;
			children = (
				CF4E47611586F77E00515432 /* JWStatusBarAlert.app */,
			);
			name = Products;
			sourceTree = "<group>";
		};
		CF4E47641586F77E00515432 /* Frameworks */ = {
			isa = PBXGroup;
			children = (
				CF4E47651586F77E00515432 /* UIKit.framework */,
				CF4E47671586F77E00515432 /* Foundation.framework */,
				CF4E47691586F77E00515432 /* CoreGraphics.framework */,
			);
			name = Frameworks;
			sourceTree = "<group>";
		};
		CF4E476B1586F77E00515432 /* JWStatusBarAlert */ = {
			isa = PBXGroup;
			children = (
				CF4E47821586F7C400515432 /* JWStatusBarAlert */,
				CF4E47741586F77E00515432 /* AppDelegate.h */,
				CF4E47751586F77E00515432 /* AppDelegate.m */,
				CF4E47771586F77E00515432 /* ViewController.h */,
				CF4E47781586F77E00515432 /* ViewController.m */,
				CF4E477A1586F77E00515432 /* ViewController.xib */,
				CF4E476C1586F77E00515432 /* Supporting Files */,
			);
			path = JWStatusBarAlert;
			sourceTree = "<group>";
		};
		CF4E476C1586F77E00515432 /* Supporting Files */ = {
			isa = PBXGroup;
			children = (
				CF4E476D1586F77E00515432 /* JWStatusBarAlert-Info.plist */,
				CF4E476E1586F77E00515432 /* InfoPlist.strings */,
				CF4E47711586F77E00515432 /* main.m */,
				CF4E47731586F77E00515432 /* JWStatusBarAlert-Prefix.pch */,
			);
			name = "Supporting Files";
			sourceTree = "<group>";
		};
		CF4E47821586F7C400515432 /* JWStatusBarAlert */ = {
			isa = PBXGroup;
			children = (
				CF4E47831586F7F500515432 /* JWStatusBarAlert.h */,
				CF4E47841586F7F500515432 /* JWStatusBarAlert.m */,
			);
			name = JWStatusBarAlert;
			sourceTree = "<group>";
		};
/* End PBXGroup section */

/* Begin PBXNativeTarget section */
		CF4E47601586F77E00515432 /* JWStatusBarAlert */ = {
			isa = PBXNativeTarget;
			buildConfigurationList = CF4E477F1586F77E00515432 /* Build configuration list for PBXNativeTarget "JWStatusBarAlert" */;
			buildPhases = (
				CF4E475D1586F77E00515432 /* Sources */,
				CF4E475E1586F77E00515432 /* Frameworks */,
				CF4E475F1586F77E00515432 /* Resources */,
			);
			buildRules = (
			);
			dependencies = (
			);
			name = JWStatusBarAlert;
			productName = JWStatusBarAlert;
			productReference = CF4E47611586F77E00515432 /* JWStatusBarAlert.app */;
			productType = "com.apple.product-type.application";
		};
/* End PBXNativeTarget section */

/* Begin PBXProject section */
		CF4E47581586F77E00515432 /* Project object */ = {
			isa = PBXProject;
			attributes = {
				LastUpgradeCheck = 0430;
				ORGANIZATIONNAME = SELab;
			};
			buildConfigurationList = CF4E475B1586F77E00515432 /* Build configuration list for PBXProject "JWStatusBarAlert" */;
			compatibilityVersion = "Xcode 3.2";
			developmentRegion = English;
			hasScannedForEncodings = 0;
			knownRegions = (
				en,
			);
			mainGroup = CF4E47561586F77E00515432;
			productRefGroup = CF4E47621586F77E00515432 /* Products */;
			projectDirPath = "";
			projectRoot = "";
			targets = (
				CF4E47601586F77E00515432 /* JWStatusBarAlert */,
			);
		};
/* End PBXProject section */

/* Begin PBXResourcesBuildPhase section */
		CF4E475F1586F77E00515432 /* Resources */ = {
			isa = PBXResourcesBuildPhase;
			buildActionMask = 2147483647;
			files = (
				CF4E47701586F77E00515432 /* InfoPlist.strings in Resources */,
				CF4E477C1586F77E00515432 /* ViewController.xib in Resources */,
			);
			runOnlyForDeploymentPostprocessing = 0;
		};
/* End PBXResourcesBuildPhase section */

/* Begin PBXSourcesBuildPhase section */
		CF4E475D1586F77E00515432 /* Sources */ = {
			isa = PBXSourcesBuildPhase;
			buildActionMask = 2147483647;
			files = (
				CF4E47721586F77E00515432 /* main.m in Sources */,
				CF4E47761586F77E00515432 /* AppDelegate.m in Sources */,
				CF4E47791586F77E00515432 /* ViewController.m in Sources */,
				CF4E47851586F7F500515432 /* JWStatusBarAlert.m in Sources */,
			);
			runOnlyForDeploymentPostprocessing = 0;
		};
/* End PBXSourcesBuildPhase section */

/* Begin PBXVariantGroup section */
		CF4E476E1586F77E00515432 /* InfoPlist.strings */ = {
			isa = PBXVariantGroup;
			children = (
				CF4E476F1586F77E00515432 /* en */,
			);
			name = InfoPlist.strings;
			sourceTree = "<group>";
		};
		CF4E477A1586F77E00515432 /* ViewController.xib */ = {
			isa = PBXVariantGroup;
			children = (
				CF4E477B1586F77E00515432 /* en */,
			);
			name = ViewController.xib;
			sourceTree = "<group>";
		};
/* End PBXVariantGroup section */

/* Begin XCBuildConfiguration section */
		CF4E477D1586F77E00515432 /* Debug */ = {
			isa = XCBuildConfiguration;
			buildSettings = {
				ALWAYS_SEARCH_USER_PATHS = NO;
				ARCHS = "$(ARCHS_STANDARD_32_BIT)";
				"CODE_SIGN_IDENTITY[sdk=iphoneos*]" = "iPhone Developer";
				COPY_PHASE_STRIP = NO;
				GCC_C_LANGUAGE_STANDARD = gnu99;
				GCC_DYNAMIC_NO_PIC = NO;
				GCC_OPTIMIZATION_LEVEL = 0;
				GCC_PREPROCESSOR_DEFINITIONS = (
					"DEBUG=1",
					"$(inherited)",
				);
				GCC_SYMBOLS_PRIVATE_EXTERN = NO;
				GCC_VERSION = com.apple.compilers.llvm.clang.1_0;
				GCC_WARN_ABOUT_RETURN_TYPE = YES;
				GCC_WARN_UNINITIALIZED_AUTOS = YES;
				GCC_WARN_UNUSED_VARIABLE = YES;
				IPHONEOS_DEPLOYMENT_TARGET = 5.1;
				SDKROOT = iphoneos;
			};
			name = Debug;
		};
		CF4E477E1586F77E00515432 /* Release */ = {
			isa = XCBuildConfiguration;
			buildSettings = {
				ALWAYS_SEARCH_USER_PATHS = NO;
				ARCHS = "$(ARCHS_STANDARD_32_BIT)";
				"CODE_SIGN_IDENTITY[sdk=iphoneos*]" = "iPhone Developer";
				COPY_PHASE_STRIP = YES;
				GCC_C_LANGUAGE_STANDARD = gnu99;
				GCC_VERSION = com.apple.compilers.llvm.clang.1_0;
				GCC_WARN_ABOUT_RETURN_TYPE = YES;
				GCC_WARN_UNINITIALIZED_AUTOS = YES;
				GCC_WARN_UNUSED_VARIABLE = YES;
				IPHONEOS_DEPLOYMENT_TARGET = 5.1;
				OTHER_CFLAGS = "-DNS_BLOCK_ASSERTIONS=1";
				SDKROOT = iphoneos;
				VALIDATE_PRODUCT = YES;
			};
			name = Release;
		};
		CF4E47801586F77E00515432 /* Debug */ = {
			isa = XCBuildConfiguration;
			buildSettings = {
				GCC_PRECOMPILE_PREFIX_HEADER = YES;
				GCC_PREFIX_HEADER = "JWStatusBarAlert/JWStatusBarAlert-Prefix.pch";
				INFOPLIST_FILE = "JWStatusBarAlert/JWStatusBarAlert-Info.plist";
				PRODUCT_NAME = "$(TARGET_NAME)";
				WRAPPER_EXTENSION = app;
			};
			name = Debug;
		};
		CF4E47811586F77E00515432 /* Release */ = {
			isa = XCBuildConfiguration;
			buildSettings = {
				GCC_PRECOMPILE_PREFIX_HEADER = YES;
				GCC_PREFIX_HEADER = "JWStatusBarAlert/JWStatusBarAlert-Prefix.pch";
				INFOPLIST_FILE = "JWStatusBarAlert/JWStatusBarAlert-Info.plist";
				PRODUCT_NAME = "$(TARGET_NAME)";
				WRAPPER_EXTENSION = app;
			};
			name = Release;
		};
/* End XCBuildConfiguration section */

/* Begin XCConfigurationList section */
		CF4E475B1586F77E00515432 /* Build configuration list for PBXProject "JWStatusBarAlert" */ = {
			isa = XCConfigurationList;
			buildConfigurations = (
				CF4E477D1586F77E00515432 /* Debug */,
				CF4E477E1586F77E00515432 /* Release */,
			);
			defaultConfigurationIsVisible = 0;
			defaultConfigurationName = Release;
		};
		CF4E477F1586F77E00515432 /* Build configuration list for PBXNativeTarget "JWStatusBarAlert" */ = {
			isa = XCConfigurationList;
			buildConfigurations = (
				CF4E47801586F77E00515432 /* Debug */,
				CF4E47811586F77E00515432 /* Release */,
			);
			defaultConfigurationIsVisible = 0;
		};
/* End XCConfigurationList section */
	};
	rootObject = CF4E47581586F77E00515432 /* Project object */;
}
